{
  "originHash" : "bd0e621a213e2d6b9e3ea8af91d4e7b268838f2b93e039e9eb1460cad0610392",
  "pins" : [
    {
      "identity" : "wrappinghstack",
      "kind" : "remoteSourceControl",
      "location" : "https://github.com/dkk/WrappingHStack",
      "state" : {
        "revision" : "425d9488ba55f58f0b34498c64c054c77fc2a44b",
        "version" : "2.2.11"
      }
    }
  ],
  "version" : 3
}
